Microsoft Visual Studio Solution File, Format Version 12.00
# Visual Studio 15
VisualStudioVersion = 15.0.26124.0
MinimumVisualStudioVersion = 15.0.26124.0
Project("{9A19103F-16F7-4668-BE54-9A1E7A4F7556}") = "InterviewTests", "InterviewTests\InterviewTests.csproj", "{40D8C53D-2FB7-43FD-899E-ECD4617C99FC}"
EndProject
Project("{9A19103F-16F7-4668-BE54-9A1E7A4F7556}") = "InterviewService", "InterviewService\InterviewService.csproj", "{6980CC2E-F900-429D-9D40-1FEEF99F89B5}"
EndProject
Global
	GlobalSection(SolutionConfigurationPlatforms) = preSolution
		Debug|Any CPU = Debug|Any CPU
		Debug|x64 = Debug|x64
		Debug|x86 = Debug|x86
		Release|Any CPU = Release|Any CPU
		Release|x64 = Release|x64
		Release|x86 = Release|x86
	EndGlobalSection
	GlobalSection(ProjectConfigurationPlatforms) = postSolution
		{40D8C53D-2FB7-43FD-899E-ECD4617C99FC}.Debug|Any CPU.ActiveCfg = Debug|Any CPU
		{40D8C53D-2FB7-43FD-899E-ECD4617C99FC}.Debug|Any CPU.Build.0 = Debug|Any CPU
		{40D8C53D-2FB7-43FD-899E-ECD4617C99FC}.Debug|x64.ActiveCfg = Debug|Any CPU
		{40D8C53D-2FB7-43FD-899E-ECD4617C99FC}.Debug|x64.Build.0 = Debug|Any CPU
		{40D8C53D-2FB7-43FD-899E-ECD4617C99FC}.Debug|x86.ActiveCfg = Debug|Any CPU
		{40D8C53D-2FB7-43FD-899E-ECD4617C99FC}.Debug|x86.Build.0 = Debug|Any CPU
		{40D8C53D-2FB7-43FD-899E-ECD4617C99FC}.Release|Any CPU.ActiveCfg = Release|Any CPU
		{40D8C53D-2FB7-43FD-899E-ECD4617C99FC}.Release|Any CPU.Build.0 = Release|Any CPU
		{40D8C53D-2FB7-43FD-899E-ECD4617C99FC}.Release|x64.ActiveCfg = Release|Any CPU
		{40D8C53D-2FB7-43FD-899E-ECD4617C99FC}.Release|x64.Build.0 = Release|Any CPU
		{40D8C53D-2FB7-43FD-899E-ECD4617C99FC}.Release|x86.ActiveCfg = Release|Any CPU
		{40D8C53D-2FB7-43FD-899E-ECD4617C99FC}.Release|x86.Build.0 = Release|Any CPU
		{6980CC2E-F900-429D-9D40-1FEEF99F89B5}.Debug|Any CPU.ActiveCfg = Debug|Any CPU
		{6980CC2E-F900-429D-9D40-1FEEF99F89B5}.Debug|Any CPU.Build.0 = Debug|Any CPU
		{6980CC2E-F900-429D-9D40-1FEEF99F89B5}.Debug|x64.ActiveCfg = Debug|Any CPU
		{6980CC2E-F900-429D-9D40-1FEEF99F89B5}.Debug|x64.Build.0 = Debug|Any CPU
		{6980CC2E-F900-429D-9D40-1FEEF99F89B5}.Debug|x86.ActiveCfg = Debug|Any CPU
		{6980CC2E-F900-429D-9D40-1FEEF99F89B5}.Debug|x86.Build.0 = Debug|Any CPU
		{6980CC2E-F900-429D-9D40-1FEEF99F89B5}.Release|Any CPU.ActiveCfg = Release|Any CPU
		{6980CC2E-F900-429D-9D40-1FEEF99F89B5}.Release|Any CPU.Build.0 = Release|Any CPU
		{6980CC2E-F900-429D-9D40-1FEEF99F89B5}.Release|x64.ActiveCfg = Release|Any CPU
		{6980CC2E-F900-429D-9D40-1FEEF99F89B5}.Release|x64.Build.0 = Release|Any CPU
		{6980CC2E-F900-429D-9D40-1FEEF99F89B5}.Release|x86.ActiveCfg = Release|Any CPU
		{6980CC2E-F900-429D-9D40-1FEEF99F89B5}.Release|x86.Build.0 = Release|Any CPU
	EndGlobalSection
	GlobalSection(SolutionProperties) = preSolution
		HideSolutionNode = FALSE
	EndGlobalSection
	GlobalSection(ExtensibilityGlobals) = postSolution
		SolutionGuid = {5DA17D61-E008-4728-8E2B-55E2C8FE9F68}
	EndGlobalSection
EndGlobal
